
Microsoft Visual Studio Solution File, Format Version 12.00
# Visual Studio Version 16
VisualStudioVersion = 16.0.30804.86
MinimumVisualStudioVersion = 10.0.40219.1
Project("{2150E333-8FDC-42A3-9474-1A3956D46DE8}") = "ReferencedComponents", "ReferencedComponents", "{0DD79E73-9DDE-475A-A7AC-DDE941D14543}"
EndProject
Project("{2150E333-8FDC-42A3-9474-1A3956D46DE8}") = "Tests", "Tests", "{A6727F00-8781-4D3A-B032-55048A6379CD}"
EndProject
Project("{FAE04EC0-301F-11D3-BF4B-00C04F79EFBC}") = "BolaoNet.Tests.Debug", "BolaoNet.Tests.Debug\BolaoNet.Tests.Debug.csproj", "{1348DFBA-82E2-4898-98D6-8FD7F89C43E5}"
EndProject
Project("{2150E333-8FDC-42A3-9474-1A3956D46DE8}") = "Build", "Build", "{9099C1CD-73E4-4939-BC9A-E65CE7AEC51C}"
	ProjectSection(SolutionItems) = preProject
		bolaonet.build = bolaonet.build
	EndProjectSection
EndProject
Project("{2150E333-8FDC-42A3-9474-1A3956D46DE8}") = "4.3 - Database", "4.3 - Database", "{278BD254-22F2-4DA5-A514-D0B001F292B1}"
EndProject
Project("{2150E333-8FDC-42A3-9474-1A3956D46DE8}") = "Info", "Info", "{41DA505B-A32F-4850-A054-09B1E5743B0C}"
EndProject
Project("{2150E333-8FDC-42A3-9474-1A3956D46DE8}") = "Documentation", "Documentation", "{147A8942-28E9-4295-950A-D395E5954E19}"
EndProject
Project("{2150E333-8FDC-42A3-9474-1A3956D46DE8}") = "Documents", "Documents", "{125F94D8-A08E-492E-A15B-DC9B7575E7F7}"
EndProject
Project("{2150E333-8FDC-42A3-9474-1A3956D46DE8}") = "FxCop", "FxCop", "{8503790C-B344-48FC-A93B-5E4B140F4A65}"
EndProject
Project("{2150E333-8FDC-42A3-9474-1A3956D46DE8}") = "Install", "Install", "{F9C31220-5060-4056-BEAD-FCAEE96C740D}"
EndProject
Project("{2150E333-8FDC-42A3-9474-1A3956D46DE8}") = "Sandcastle", "Sandcastle", "{9A0DDD42-C9F9-40A9-B6EF-B1E71D4000EC}"
	ProjectSection(SolutionItems) = preProject
		Info\Sandcastle\BolaoNet.shfbproj = Info\Sandcastle\BolaoNet.shfbproj
	EndProjectSection
EndProject
Project("{2150E333-8FDC-42A3-9474-1A3956D46DE8}") = "SolutionItems", "SolutionItems", "{E89DEFD2-967E-4057-A4E7-87FE61107E4C}"
EndProject
Project("{2150E333-8FDC-42A3-9474-1A3956D46DE8}") = "SourceMonitor", "SourceMonitor", "{A4FE4163-FF00-47EF-8E57-7176D83110C3}"
EndProject
Project("{2150E333-8FDC-42A3-9474-1A3956D46DE8}") = "UserGuide", "UserGuide", "{FC95C8EB-1E1A-466F-9CBF-9D0155074619}"
EndProject
Project("{00D1A9C2-B5F0-4AF3-8072-F6C62B433612}") = "BolaoNet.Database.SqlServer", "BolaoNet.Database.SqlServer\BolaoNet.Database.SqlServer.sqlproj", "{94A61BF9-A917-4337-A3FB-0C655CDBB560}"
EndProject
Project("{2150E333-8FDC-42A3-9474-1A3956D46DE8}") = "log4net", "log4net", "{42012273-689F-460B-93B4-35918CA52350}"
	ProjectSection(SolutionItems) = preProject
		ReferencedComponents\log4net\log4net.dll = ReferencedComponents\log4net\log4net.dll
	EndProjectSection
EndProject
Project("{2150E333-8FDC-42A3-9474-1A3956D46DE8}") = "nunit", "nunit", "{20D33228-8908-4778-A52D-31E829592E55}"
	ProjectSection(SolutionItems) = preProject
		ReferencedComponents\nunit\mock-assembly.exe = ReferencedComponents\nunit\mock-assembly.exe
		ReferencedComponents\nunit\nunit.framework.dll = ReferencedComponents\nunit\nunit.framework.dll
		ReferencedComponents\nunit\nunit.framework.tests.dll = ReferencedComponents\nunit\nunit.framework.tests.dll
		ReferencedComponents\nunit\nunit.framework.xml = ReferencedComponents\nunit\nunit.framework.xml
		ReferencedComponents\nunit\nunit.testdata.dll = ReferencedComponents\nunit\nunit.testdata.dll
		ReferencedComponents\nunit\nunitlite-runner.exe = ReferencedComponents\nunit\nunitlite-runner.exe
		ReferencedComponents\nunit\nunitlite.dll = ReferencedComponents\nunit\nunitlite.dll
		ReferencedComponents\nunit\nunitlite.tests.exe = ReferencedComponents\nunit\nunitlite.tests.exe
		ReferencedComponents\nunit\slow-nunit-tests.dll = ReferencedComponents\nunit\slow-nunit-tests.dll
	EndProjectSection
EndProject
Project("{2150E333-8FDC-42A3-9474-1A3956D46DE8}") = "EntityFramework", "EntityFramework", "{2574F601-971A-4E3F-8FF7-1E7B7B042F43}"
	ProjectSection(SolutionItems) = preProject
		ReferencedComponents\EntityFramework\EntityFramework.dll = ReferencedComponents\EntityFramework\EntityFramework.dll
		ReferencedComponents\EntityFramework\EntityFramework.SqlServer.dll = ReferencedComponents\EntityFramework\EntityFramework.SqlServer.dll
	EndProjectSection
EndProject
Project("{2150E333-8FDC-42A3-9474-1A3956D46DE8}") = "Json", "Json", "{7FD690E3-939A-46BF-ABA7-CDCD1B873523}"
	ProjectSection(SolutionItems) = preProject
		ReferencedComponents\Json\Newtonsoft.Json.dll = ReferencedComponents\Json\Newtonsoft.Json.dll
		ReferencedComponents\Json\System.Net.Http.Formatting.dll = ReferencedComponents\Json\System.Net.Http.Formatting.dll
	EndProjectSection
EndProject
Project("{2150E333-8FDC-42A3-9474-1A3956D46DE8}") = "Queries", "Queries", "{9FC10BCB-A350-4CF1-9DC9-851EAADB13D5}"
EndProject
Project("{2150E333-8FDC-42A3-9474-1A3956D46DE8}") = "Layout", "Layout", "{07703A85-D5FF-4A29-B417-EF463B9A7250}"
	ProjectSection(SolutionItems) = preProject
		Info\Layout\1-dashboard.png = Info\Layout\1-dashboard.png
		Info\Layout\2-match.png = Info\Layout\2-match.png
		Info\Layout\3-guesses.png = Info\Layout\3-guesses.png
		Info\Layout\4-profile.png = Info\Layout\4-profile.png
		Info\Layout\5-responsive.jpg = Info\Layout\5-responsive.jpg
		Info\Layout\5-responsive_2.jpg = Info\Layout\5-responsive_2.jpg
	EndProjectSection
EndProject
Project("{2150E333-8FDC-42A3-9474-1A3956D46DE8}") = "DDD", "DDD", "{38671E94-5B6B-4572-BD61-F4D3F44DF5D9}"
EndProject
Project("{2150E333-8FDC-42A3-9474-1A3956D46DE8}") = "0 - Presentation", "0 - Presentation", "{6BDC67D4-7209-4CD8-BDB6-278FC8BF2B1C}"
EndProject
Project("{2150E333-8FDC-42A3-9474-1A3956D46DE8}") = "2 - Services API", "2 - Services API", "{D418EE4D-24DA-4B1A-8B6F-2CC32278AF1A}"
EndProject
Project("{2150E333-8FDC-42A3-9474-1A3956D46DE8}") = "1 - Application", "1 - Application", "{DE9C0299-133D-49A9-86E0-9C1186278A02}"
EndProject
Project("{2150E333-8FDC-42A3-9474-1A3956D46DE8}") = "3 - Domain", "3 - Domain", "{2D4C735D-BE54-4356-B067-137EDD3471C3}"
EndProject
Project("{2150E333-8FDC-42A3-9474-1A3956D46DE8}") = "4 - Infra", "4 - Infra", "{684FCDA3-B961-401C-B192-6CD6D471693E}"
EndProject
Project("{2150E333-8FDC-42A3-9474-1A3956D46DE8}") = "7 - TDD", "7 - TDD", "{80B65053-B40D-49BF-8881-F4CF52F0DE15}"
EndProject
Project("{FAE04EC0-301F-11D3-BF4B-00C04F79EFBC}") = "BolaoNet.Domain.Entities", "BolaoNet.Domain.Entities\BolaoNet.Domain.Entities.csproj", "{862EFB06-AC74-4B8D-B338-37D52C90410A}"
EndProject
Project("{FAE04EC0-301F-11D3-BF4B-00C04F79EFBC}") = "BolaoNet.Domain.Interfaces.Repositories", "BolaoNet.Domain.Interfaces.Repositories\BolaoNet.Domain.Interfaces.Repositories.csproj", "{87E9D03A-E8FC-48F6-8F44-C66D569D4FE8}"
EndProject
Project("{FAE04EC0-301F-11D3-BF4B-00C04F79EFBC}") = "BolaoNet.Domain.Interfaces.Services", "BolaoNet.Domain.Interfaces.Services\BolaoNet.Domain.Interfaces.Services.csproj", "{C5C21C55-243A-4EAE-927A-A10B3B4B7FF4}"
EndProject
Project("{2150E333-8FDC-42A3-9474-1A3956D46DE8}") = "4.1 - CrossCutting", "4.1 - CrossCutting", "{93F8C0F3-1F1D-40AA-80E3-EE1857E6426B}"
EndProject
Project("{2150E333-8FDC-42A3-9474-1A3956D46DE8}") = "4.2 - Data", "4.2 - Data", "{6BE6DCEE-3E45-4D13-BEC9-D7B1BC0D34BE}"
EndProject
Project("{FAE04EC0-301F-11D3-BF4B-00C04F79EFBC}") = "BolaoNet.Domain.Services", "BolaoNet.Domain.Services\BolaoNet.Domain.Services.csproj", "{A75056E8-0A9D-47AA-A4ED-A521329610BF}"
EndProject
Project("{FAE04EC0-301F-11D3-BF4B-00C04F79EFBC}") = "BolaoNet.Application", "BolaoNet.Application\BolaoNet.Application.csproj", "{ED9E722A-A4F1-4774-9325-7057C17284EF}"
EndProject
Project("{FAE04EC0-301F-11D3-BF4B-00C04F79EFBC}") = "BolaoNet.MVC", "BolaoNet.MVC\BolaoNet.MVC.csproj", "{A024A3CE-4926-47B0-8EA5-C1DD49DF8907}"
EndProject
Project("{FAE04EC0-301F-11D3-BF4B-00C04F79EFBC}") = "BolaoNet.Infra.Data.EF", "BolaoNet.Infra.Data.EF\BolaoNet.Infra.Data.EF.csproj", "{D0A5E0BF-24A1-40A3-AB36-603DB298CEB3}"
EndProject
Project("{FAE04EC0-301F-11D3-BF4B-00C04F79EFBC}") = "BolaoNet.MVC.Resources", "BolaoNet.MVC.Resources\BolaoNet.MVC.Resources.csproj", "{7060CCC5-A067-4BF6-846B-A89AEAB80811}"
EndProject
Project("{FAE04EC0-301F-11D3-BF4B-00C04F79EFBC}") = "BolaoNet.MVC.ViewModels", "BolaoNet.MVC.ViewModels\BolaoNet.MVC.ViewModels.csproj", "{26FA094C-849D-4172-93F8-2BCA38749B2A}"
EndProject
Project("{FAE04EC0-301F-11D3-BF4B-00C04F79EFBC}") = "BolaoNet.WebApi", "BolaoNet.WebApi\BolaoNet.WebApi.csproj", "{660C66EF-6ADC-4F74-BAC3-C05E12F5008F}"
EndProject
Project("{FAE04EC0-301F-11D3-BF4B-00C04F79EFBC}") = "BolaoNet.Infra.Data.EF.Mapping", "BolaoNet.Infra.Data.EF.Mapping\BolaoNet.Infra.Data.EF.Mapping.csproj", "{FF32F8B8-0BBD-48AE-AC10-E23D989CE562}"
EndProject
Project("{FAE04EC0-301F-11D3-BF4B-00C04F79EFBC}") = "BolaoNet.Infra.CrossCutting.IoC", "BolaoNet.Infra.CrossCutting.IoC\BolaoNet.Infra.CrossCutting.IoC.csproj", "{1BBAC3A3-B5EB-49EB-8200-574A99C5B060}"
EndProject
Project("{FAE04EC0-301F-11D3-BF4B-00C04F79EFBC}") = "BolaoNet.Infra.CrossCutting.Logging", "BolaoNet.Infra.CrossCutting.Logging\BolaoNet.Infra.CrossCutting.Logging.csproj", "{D5662387-A5AA-46A5-BCC2-EF728C777EDF}"
EndProject
Project("{FAE04EC0-301F-11D3-BF4B-00C04F79EFBC}") = "BolaoNet.Infra.CrossCutting.Caching", "BolaoNet.Infra.CrossCutting.Caching\BolaoNet.Infra.CrossCutting.Caching.csproj", "{A4BBDAC0-8FA4-49E0-93A8-B225F6A34CF4}"
EndProject
Project("{FAE04EC0-301F-11D3-BF4B-00C04F79EFBC}") = "BolaoNet.WebApi.Integration", "BolaoNet.WebApi.Integration\BolaoNet.WebApi.Integration.csproj", "{2AF5E54A-613C-4A7A-896C-9F946593C8F5}"
EndProject
Project("{2150E333-8FDC-42A3-9474-1A3956D46DE8}") = "3.2 - Contractors", "3.2 - Contractors", "{177298B7-8C8B-4817-9649-0CD174C4F663}"
EndProject
Project("{2150E333-8FDC-42A3-9474-1A3956D46DE8}") = "3.1 - Entities", "3.1 - Entities", "{FCF55233-BD04-425E-8ED9-0AD6FD9573A2}"
EndProject
Project("{2150E333-8FDC-42A3-9474-1A3956D46DE8}") = "3.3 - Services Implementation", "3.3 - Services Implementation", "{6C685A2E-D14E-4113-90B4-8F050C177DB0}"
EndProject
Project("{2150E333-8FDC-42A3-9474-1A3956D46DE8}") = "DDD", "DDD", "{08B5FF99-04D9-440F-A0D8-D2A22F6BE9AA}"
	ProjectSection(SolutionItems) = preProject
		Info\DDD\DDD.png = Info\DDD\DDD.png
		Info\DDD\gHL5h.png = Info\DDD\gHL5h.png
		Info\DDD\Model.txt = Info\DDD\Model.txt
		Info\DDD\site.txt = Info\DDD\site.txt
	EndProjectSection
EndProject
Project("{2150E333-8FDC-42A3-9474-1A3956D46DE8}") = "6 - Reports", "6 - Reports", "{8E9DE538-DED5-4B14-9405-501A2F6FC2C0}"
EndProject
Project("{2150E333-8FDC-42A3-9474-1A3956D46DE8}") = "4.4 - Mail", "4.4 - Mail", "{6409FF15-ABAE-41F4-AB64-B03FC1D19390}"
EndProject
Project("{FAE04EC0-301F-11D3-BF4B-00C04F79EFBC}") = "BolaoNet.Infra.Notification.Mail", "BolaoNet.Infra.Notification.Mail\BolaoNet.Infra.Notification.Mail.csproj", "{634E95F1-4F38-4BDB-AD16-8DFCD6C73AB5}"
EndProject
Project("{FAE04EC0-301F-11D3-BF4B-00C04F79EFBC}") = "BolaoNet.Infra.Reports", "BolaoNet.Infra.Reports\BolaoNet.Infra.Reports.csproj", "{5C3E6AA6-F8D2-4940-BE65-3FC76DB96B59}"
EndProject
Project("{FAE04EC0-301F-11D3-BF4B-00C04F79EFBC}") = "BolaoNet.MVC.Tests", "BolaoNet.MVC.Tests\BolaoNet.MVC.Tests.csproj", "{0E555D9B-B7CA-4E98-8C23-96E5282042C5}"
EndProject
Project("{2150E333-8FDC-42A3-9474-1A3956D46DE8}") = "SharpZip", "SharpZip", "{FD68D9F6-79A8-4BFE-89CB-6F2316849C01}"
	ProjectSection(SolutionItems) = preProject
		ReferencedComponents\SharpZip\ICSharpCode.SharpZipLib.dll = ReferencedComponents\SharpZip\ICSharpCode.SharpZipLib.dll
	EndProjectSection
EndProject
Project("{FAE04EC0-301F-11D3-BF4B-00C04F79EFBC}") = "BolaoNet.Tests", "BolaoNet.Tests\BolaoNet.Tests.csproj", "{AA6F45AB-8410-4A2B-9447-E8F95297E9CF}"
EndProject
Project("{FAE04EC0-301F-11D3-BF4B-00C04F79EFBC}") = "BolaoNet.Tests.Exploratory", "BolaoNet.Tests.Exploratory\BolaoNet.Tests.Exploratory.csproj", "{9D4621CF-0614-461A-8291-FF77A62D5632}"
EndProject
Project("{2150E333-8FDC-42A3-9474-1A3956D46DE8}") = "4.5 - RSS", "4.5 - RSS", "{8E873901-A6D6-4E5E-8810-D6D6FC421F7A}"
EndProject
Project("{FAE04EC0-301F-11D3-BF4B-00C04F79EFBC}") = "BolaoNet.Feed.Rss", "BolaoNet.Feed.Rss\BolaoNet.Feed.Rss.csproj", "{3C78B795-D0B7-4F7C-945D-194C9F132221}"
EndProject
Project("{2150E333-8FDC-42A3-9474-1A3956D46DE8}") = "Selenium", "Selenium", "{90C601B6-0466-447D-8D90-FEED6CEDAE20}"
	ProjectSection(SolutionItems) = preProject
		ReferencedComponents\Selenium\Selenium.WebDriverBackedSelenium.dll = ReferencedComponents\Selenium\Selenium.WebDriverBackedSelenium.dll
		ReferencedComponents\Selenium\Selenium.WebDriverBackedSelenium.pdb = ReferencedComponents\Selenium\Selenium.WebDriverBackedSelenium.pdb
		ReferencedComponents\Selenium\Selenium.WebDriverBackedSelenium.xml = ReferencedComponents\Selenium\Selenium.WebDriverBackedSelenium.xml
		ReferencedComponents\Selenium\ThoughtWorks.Selenium.Core.dll = ReferencedComponents\Selenium\ThoughtWorks.Selenium.Core.dll
		ReferencedComponents\Selenium\ThoughtWorks.Selenium.Core.pdb = ReferencedComponents\Selenium\ThoughtWorks.Selenium.Core.pdb
		ReferencedComponents\Selenium\ThoughtWorks.Selenium.Core.xml = ReferencedComponents\Selenium\ThoughtWorks.Selenium.Core.xml
		ReferencedComponents\Selenium\WebDriver.dll = ReferencedComponents\Selenium\WebDriver.dll
		ReferencedComponents\Selenium\WebDriver.pdb = ReferencedComponents\Selenium\WebDriver.pdb
		ReferencedComponents\Selenium\WebDriver.Support.dll = ReferencedComponents\Selenium\WebDriver.Support.dll
		ReferencedComponents\Selenium\WebDriver.Support.pdb = ReferencedComponents\Selenium\WebDriver.Support.pdb
		ReferencedComponents\Selenium\WebDriver.Support.xml = ReferencedComponents\Selenium\WebDriver.Support.xml
		ReferencedComponents\Selenium\WebDriver.xml = ReferencedComponents\Selenium\WebDriver.xml
	EndProjectSection
EndProject
Project("{2150E333-8FDC-42A3-9474-1A3956D46DE8}") = "iTextsharp", "iTextsharp", "{EE930578-DCD1-4D46-9EB8-EA1E79F78CF5}"
	ProjectSection(SolutionItems) = preProject
		ReferencedComponents\iTextsharp\itextsharp.dll = ReferencedComponents\iTextsharp\itextsharp.dll
	EndProjectSection
EndProject
Project("{2150E333-8FDC-42A3-9474-1A3956D46DE8}") = "Moq", "Moq", "{317EA6F0-1642-4687-B759-51D0DE68B9ED}"
	ProjectSection(SolutionItems) = preProject
		ReferencedComponents\Moq\Moq.dll = ReferencedComponents\Moq\Moq.dll
	EndProjectSection
EndProject
Project("{2150E333-8FDC-42A3-9474-1A3956D46DE8}") = "Ninject", "Ninject", "{196F5AC2-61B9-4DE7-9556-E103C971678C}"
	ProjectSection(SolutionItems) = preProject
		ReferencedComponents\ninject\Ninject.dll = ReferencedComponents\ninject\Ninject.dll
	EndProjectSection
EndProject
Project("{2150E333-8FDC-42A3-9474-1A3956D46DE8}") = "Utils", "Utils", "{D0979436-AB19-40FC-AE69-F86B06F934FA}"
EndProject
Project("{FAE04EC0-301F-11D3-BF4B-00C04F79EFBC}") = "BolaoNet.Estatisticas.Calculo", "BolaoNet.Estatisticas.Calculo\BolaoNet.Estatisticas.Calculo.csproj", "{A0078687-F36C-4241-9268-B3C410463654}"
EndProject
Global
	GlobalSection(SolutionConfigurationPlatforms) = preSolution
		Debug|Any CPU = Debug|Any CPU
		Release|Any CPU = Release|Any CPU
	EndGlobalSection
	GlobalSection(ProjectConfigurationPlatforms) = postSolution
		{1348DFBA-82E2-4898-98D6-8FD7F89C43E5}.Debug|Any CPU.ActiveCfg = Debug|Any CPU
		{1348DFBA-82E2-4898-98D6-8FD7F89C43E5}.Debug|Any CPU.Build.0 = Debug|Any CPU
		{1348DFBA-82E2-4898-98D6-8FD7F89C43E5}.Release|Any CPU.ActiveCfg = Release|Any CPU
		{94A61BF9-A917-4337-A3FB-0C655CDBB560}.Debug|Any CPU.ActiveCfg = Debug|Any CPU
		{94A61BF9-A917-4337-A3FB-0C655CDBB560}.Release|Any CPU.ActiveCfg = Release|Any CPU
		{94A61BF9-A917-4337-A3FB-0C655CDBB560}.Release|Any CPU.Build.0 = Release|Any CPU
		{862EFB06-AC74-4B8D-B338-37D52C90410A}.Debug|Any CPU.ActiveCfg = Debug|Any CPU
		{862EFB06-AC74-4B8D-B338-37D52C90410A}.Debug|Any CPU.Build.0 = Debug|Any CPU
		{862EFB06-AC74-4B8D-B338-37D52C90410A}.Release|Any CPU.ActiveCfg = Release|Any CPU
		{862EFB06-AC74-4B8D-B338-37D52C90410A}.Release|Any CPU.Build.0 = Release|Any CPU
		{87E9D03A-E8FC-48F6-8F44-C66D569D4FE8}.Debug|Any CPU.ActiveCfg = Debug|Any CPU
		{87E9D03A-E8FC-48F6-8F44-C66D569D4FE8}.Debug|Any CPU.Build.0 = Debug|Any CPU
		{87E9D03A-E8FC-48F6-8F44-C66D569D4FE8}.Release|Any CPU.ActiveCfg = Release|Any CPU
		{87E9D03A-E8FC-48F6-8F44-C66D569D4FE8}.Release|Any CPU.Build.0 = Release|Any CPU
		{C5C21C55-243A-4EAE-927A-A10B3B4B7FF4}.Debug|Any CPU.ActiveCfg = Debug|Any CPU
		{C5C21C55-243A-4EAE-927A-A10B3B4B7FF4}.Debug|Any CPU.Build.0 = Debug|Any CPU
		{C5C21C55-243A-4EAE-927A-A10B3B4B7FF4}.Release|Any CPU.ActiveCfg = Release|Any CPU
		{C5C21C55-243A-4EAE-927A-A10B3B4B7FF4}.Release|Any CPU.Build.0 = Release|Any CPU
		{A75056E8-0A9D-47AA-A4ED-A521329610BF}.Debug|Any CPU.ActiveCfg = Debug|Any CPU
		{A75056E8-0A9D-47AA-A4ED-A521329610BF}.Debug|Any CPU.Build.0 = Debug|Any CPU
		{A75056E8-0A9D-47AA-A4ED-A521329610BF}.Release|Any CPU.ActiveCfg = Release|Any CPU
		{A75056E8-0A9D-47AA-A4ED-A521329610BF}.Release|Any CPU.Build.0 = Release|Any CPU
		{ED9E722A-A4F1-4774-9325-7057C17284EF}.Debug|Any CPU.ActiveCfg = Debug|Any CPU
		{ED9E722A-A4F1-4774-9325-7057C17284EF}.Debug|Any CPU.Build.0 = Debug|Any CPU
		{ED9E722A-A4F1-4774-9325-7057C17284EF}.Release|Any CPU.ActiveCfg = Release|Any CPU
		{ED9E722A-A4F1-4774-9325-7057C17284EF}.Release|Any CPU.Build.0 = Release|Any CPU
		{A024A3CE-4926-47B0-8EA5-C1DD49DF8907}.Debug|Any CPU.ActiveCfg = Debug|Any CPU
		{A024A3CE-4926-47B0-8EA5-C1DD49DF8907}.Debug|Any CPU.Build.0 = Debug|Any CPU
		{A024A3CE-4926-47B0-8EA5-C1DD49DF8907}.Release|Any CPU.ActiveCfg = Release|Any CPU
		{A024A3CE-4926-47B0-8EA5-C1DD49DF8907}.Release|Any CPU.Build.0 = Release|Any CPU
		{D0A5E0BF-24A1-40A3-AB36-603DB298CEB3}.Debug|Any CPU.ActiveCfg = Debug|Any CPU
		{D0A5E0BF-24A1-40A3-AB36-603DB298CEB3}.Debug|Any CPU.Build.0 = Debug|Any CPU
		{D0A5E0BF-24A1-40A3-AB36-603DB298CEB3}.Release|Any CPU.ActiveCfg = Release|Any CPU
		{D0A5E0BF-24A1-40A3-AB36-603DB298CEB3}.Release|Any CPU.Build.0 = Release|Any CPU
		{7060CCC5-A067-4BF6-846B-A89AEAB80811}.Debug|Any CPU.ActiveCfg = Debug|Any CPU
		{7060CCC5-A067-4BF6-846B-A89AEAB80811}.Debug|Any CPU.Build.0 = Debug|Any CPU
		{7060CCC5-A067-4BF6-846B-A89AEAB80811}.Release|Any CPU.ActiveCfg = Release|Any CPU
		{7060CCC5-A067-4BF6-846B-A89AEAB80811}.Release|Any CPU.Build.0 = Release|Any CPU
		{26FA094C-849D-4172-93F8-2BCA38749B2A}.Debug|Any CPU.ActiveCfg = Debug|Any CPU
		{26FA094C-849D-4172-93F8-2BCA38749B2A}.Debug|Any CPU.Build.0 = Debug|Any CPU
		{26FA094C-849D-4172-93F8-2BCA38749B2A}.Release|Any CPU.ActiveCfg = Release|Any CPU
		{26FA094C-849D-4172-93F8-2BCA38749B2A}.Release|Any CPU.Build.0 = Release|Any CPU
		{660C66EF-6ADC-4F74-BAC3-C05E12F5008F}.Debug|Any CPU.ActiveCfg = Debug|Any CPU
		{660C66EF-6ADC-4F74-BAC3-C05E12F5008F}.Debug|Any CPU.Build.0 = Debug|Any CPU
		{660C66EF-6ADC-4F74-BAC3-C05E12F5008F}.Release|Any CPU.ActiveCfg = Release|Any CPU
		{660C66EF-6ADC-4F74-BAC3-C05E12F5008F}.Release|Any CPU.Build.0 = Release|Any CPU
		{FF32F8B8-0BBD-48AE-AC10-E23D989CE562}.Debug|Any CPU.ActiveCfg = Debug|Any CPU
		{FF32F8B8-0BBD-48AE-AC10-E23D989CE562}.Debug|Any CPU.Build.0 = Debug|Any CPU
		{FF32F8B8-0BBD-48AE-AC10-E23D989CE562}.Release|Any CPU.ActiveCfg = Release|Any CPU
		{FF32F8B8-0BBD-48AE-AC10-E23D989CE562}.Release|Any CPU.Build.0 = Release|Any CPU
		{1BBAC3A3-B5EB-49EB-8200-574A99C5B060}.Debug|Any CPU.ActiveCfg = Debug|Any CPU
		{1BBAC3A3-B5EB-49EB-8200-574A99C5B060}.Debug|Any CPU.Build.0 = Debug|Any CPU
		{1BBAC3A3-B5EB-49EB-8200-574A99C5B060}.Release|Any CPU.ActiveCfg = Release|Any CPU
		{1BBAC3A3-B5EB-49EB-8200-574A99C5B060}.Release|Any CPU.Build.0 = Release|Any CPU
		{D5662387-A5AA-46A5-BCC2-EF728C777EDF}.Debug|Any CPU.ActiveCfg = Debug|Any CPU
		{D5662387-A5AA-46A5-BCC2-EF728C777EDF}.Debug|Any CPU.Build.0 = Debug|Any CPU
		{D5662387-A5AA-46A5-BCC2-EF728C777EDF}.Release|Any CPU.ActiveCfg = Release|Any CPU
		{D5662387-A5AA-46A5-BCC2-EF728C777EDF}.Release|Any CPU.Build.0 = Release|Any CPU
		{A4BBDAC0-8FA4-49E0-93A8-B225F6A34CF4}.Debug|Any CPU.ActiveCfg = Debug|Any CPU
		{A4BBDAC0-8FA4-49E0-93A8-B225F6A34CF4}.Debug|Any CPU.Build.0 = Debug|Any CPU
		{A4BBDAC0-8FA4-49E0-93A8-B225F6A34CF4}.Release|Any CPU.ActiveCfg = Release|Any CPU
		{A4BBDAC0-8FA4-49E0-93A8-B225F6A34CF4}.Release|Any CPU.Build.0 = Release|Any CPU
		{2AF5E54A-613C-4A7A-896C-9F946593C8F5}.Debug|Any CPU.ActiveCfg = Debug|Any CPU
		{2AF5E54A-613C-4A7A-896C-9F946593C8F5}.Debug|Any CPU.Build.0 = Debug|Any CPU
		{2AF5E54A-613C-4A7A-896C-9F946593C8F5}.Release|Any CPU.ActiveCfg = Release|Any CPU
		{2AF5E54A-613C-4A7A-896C-9F946593C8F5}.Release|Any CPU.Build.0 = Release|Any CPU
		{634E95F1-4F38-4BDB-AD16-8DFCD6C73AB5}.Debug|Any CPU.ActiveCfg = Debug|Any CPU
		{634E95F1-4F38-4BDB-AD16-8DFCD6C73AB5}.Debug|Any CPU.Build.0 = Debug|Any CPU
		{634E95F1-4F38-4BDB-AD16-8DFCD6C73AB5}.Release|Any CPU.ActiveCfg = Release|Any CPU
		{634E95F1-4F38-4BDB-AD16-8DFCD6C73AB5}.Release|Any CPU.Build.0 = Release|Any CPU
		{5C3E6AA6-F8D2-4940-BE65-3FC76DB96B59}.Debug|Any CPU.ActiveCfg = Debug|Any CPU
		{5C3E6AA6-F8D2-4940-BE65-3FC76DB96B59}.Debug|Any CPU.Build.0 = Debug|Any CPU
		{5C3E6AA6-F8D2-4940-BE65-3FC76DB96B59}.Release|Any CPU.ActiveCfg = Release|Any CPU
		{5C3E6AA6-F8D2-4940-BE65-3FC76DB96B59}.Release|Any CPU.Build.0 = Release|Any CPU
		{0E555D9B-B7CA-4E98-8C23-96E5282042C5}.Debug|Any CPU.ActiveCfg = Debug|Any CPU
		{0E555D9B-B7CA-4E98-8C23-96E5282042C5}.Debug|Any CPU.Build.0 = Debug|Any CPU
		{0E555D9B-B7CA-4E98-8C23-96E5282042C5}.Release|Any CPU.ActiveCfg = Release|Any CPU
		{0E555D9B-B7CA-4E98-8C23-96E5282042C5}.Release|Any CPU.Build.0 = Release|Any CPU
		{AA6F45AB-8410-4A2B-9447-E8F95297E9CF}.Debug|Any CPU.ActiveCfg = Debug|Any CPU
		{AA6F45AB-8410-4A2B-9447-E8F95297E9CF}.Debug|Any CPU.Build.0 = Debug|Any CPU
		{AA6F45AB-8410-4A2B-9447-E8F95297E9CF}.Release|Any CPU.ActiveCfg = Release|Any CPU
		{AA6F45AB-8410-4A2B-9447-E8F95297E9CF}.Release|Any CPU.Build.0 = Release|Any CPU
		{9D4621CF-0614-461A-8291-FF77A62D5632}.Debug|Any CPU.ActiveCfg = Debug|Any CPU
		{9D4621CF-0614-461A-8291-FF77A62D5632}.Debug|Any CPU.Build.0 = Debug|Any CPU
		{9D4621CF-0614-461A-8291-FF77A62D5632}.Release|Any CPU.ActiveCfg = Release|Any CPU
		{9D4621CF-0614-461A-8291-FF77A62D5632}.Release|Any CPU.Build.0 = Release|Any CPU
		{3C78B795-D0B7-4F7C-945D-194C9F132221}.Debug|Any CPU.ActiveCfg = Debug|Any CPU
		{3C78B795-D0B7-4F7C-945D-194C9F132221}.Debug|Any CPU.Build.0 = Debug|Any CPU
		{3C78B795-D0B7-4F7C-945D-194C9F132221}.Release|Any CPU.ActiveCfg = Release|Any CPU
		{3C78B795-D0B7-4F7C-945D-194C9F132221}.Release|Any CPU.Build.0 = Release|Any CPU
		{A0078687-F36C-4241-9268-B3C410463654}.Debug|Any CPU.ActiveCfg = Debug|Any CPU
		{A0078687-F36C-4241-9268-B3C410463654}.Debug|Any CPU.Build.0 = Debug|Any CPU
		{A0078687-F36C-4241-9268-B3C410463654}.Release|Any CPU.ActiveCfg = Release|Any CPU
		{A0078687-F36C-4241-9268-B3C410463654}.Release|Any CPU.Build.0 = Release|Any CPU
	EndGlobalSection
	GlobalSection(SolutionProperties) = preSolution
		HideSolutionNode = FALSE
	EndGlobalSection
	GlobalSection(NestedProjects) = preSolution
		{1348DFBA-82E2-4898-98D6-8FD7F89C43E5} = {A6727F00-8781-4D3A-B032-55048A6379CD}
		{9099C1CD-73E4-4939-BC9A-E65CE7AEC51C} = {41DA505B-A32F-4850-A054-09B1E5743B0C}
		{278BD254-22F2-4DA5-A514-D0B001F292B1} = {684FCDA3-B961-401C-B192-6CD6D471693E}
		{147A8942-28E9-4295-950A-D395E5954E19} = {41DA505B-A32F-4850-A054-09B1E5743B0C}
		{125F94D8-A08E-492E-A15B-DC9B7575E7F7} = {41DA505B-A32F-4850-A054-09B1E5743B0C}
		{8503790C-B344-48FC-A93B-5E4B140F4A65} = {41DA505B-A32F-4850-A054-09B1E5743B0C}
		{F9C31220-5060-4056-BEAD-FCAEE96C740D} = {41DA505B-A32F-4850-A054-09B1E5743B0C}
		{9A0DDD42-C9F9-40A9-B6EF-B1E71D4000EC} = {41DA505B-A32F-4850-A054-09B1E5743B0C}
		{E89DEFD2-967E-4057-A4E7-87FE61107E4C} = {41DA505B-A32F-4850-A054-09B1E5743B0C}
		{A4FE4163-FF00-47EF-8E57-7176D83110C3} = {41DA505B-A32F-4850-A054-09B1E5743B0C}
		{FC95C8EB-1E1A-466F-9CBF-9D0155074619} = {41DA505B-A32F-4850-A054-09B1E5743B0C}
		{94A61BF9-A917-4337-A3FB-0C655CDBB560} = {278BD254-22F2-4DA5-A514-D0B001F292B1}
		{42012273-689F-460B-93B4-35918CA52350} = {0DD79E73-9DDE-475A-A7AC-DDE941D14543}
		{20D33228-8908-4778-A52D-31E829592E55} = {0DD79E73-9DDE-475A-A7AC-DDE941D14543}
		{2574F601-971A-4E3F-8FF7-1E7B7B042F43} = {0DD79E73-9DDE-475A-A7AC-DDE941D14543}
		{7FD690E3-939A-46BF-ABA7-CDCD1B873523} = {0DD79E73-9DDE-475A-A7AC-DDE941D14543}
		{9FC10BCB-A350-4CF1-9DC9-851EAADB13D5} = {41DA505B-A32F-4850-A054-09B1E5743B0C}
		{07703A85-D5FF-4A29-B417-EF463B9A7250} = {41DA505B-A32F-4850-A054-09B1E5743B0C}
		{6BDC67D4-7209-4CD8-BDB6-278FC8BF2B1C} = {38671E94-5B6B-4572-BD61-F4D3F44DF5D9}
		{D418EE4D-24DA-4B1A-8B6F-2CC32278AF1A} = {38671E94-5B6B-4572-BD61-F4D3F44DF5D9}
		{DE9C0299-133D-49A9-86E0-9C1186278A02} = {38671E94-5B6B-4572-BD61-F4D3F44DF5D9}
		{2D4C735D-BE54-4356-B067-137EDD3471C3} = {38671E94-5B6B-4572-BD61-F4D3F44DF5D9}
		{684FCDA3-B961-401C-B192-6CD6D471693E} = {38671E94-5B6B-4572-BD61-F4D3F44DF5D9}
		{80B65053-B40D-49BF-8881-F4CF52F0DE15} = {38671E94-5B6B-4572-BD61-F4D3F44DF5D9}
		{862EFB06-AC74-4B8D-B338-37D52C90410A} = {FCF55233-BD04-425E-8ED9-0AD6FD9573A2}
		{87E9D03A-E8FC-48F6-8F44-C66D569D4FE8} = {177298B7-8C8B-4817-9649-0CD174C4F663}
		{C5C21C55-243A-4EAE-927A-A10B3B4B7FF4} = {177298B7-8C8B-4817-9649-0CD174C4F663}
		{93F8C0F3-1F1D-40AA-80E3-EE1857E6426B} = {684FCDA3-B961-401C-B192-6CD6D471693E}
		{6BE6DCEE-3E45-4D13-BEC9-D7B1BC0D34BE} = {684FCDA3-B961-401C-B192-6CD6D471693E}
		{A75056E8-0A9D-47AA-A4ED-A521329610BF} = {6C685A2E-D14E-4113-90B4-8F050C177DB0}
		{ED9E722A-A4F1-4774-9325-7057C17284EF} = {DE9C0299-133D-49A9-86E0-9C1186278A02}
		{A024A3CE-4926-47B0-8EA5-C1DD49DF8907} = {6BDC67D4-7209-4CD8-BDB6-278FC8BF2B1C}
		{D0A5E0BF-24A1-40A3-AB36-603DB298CEB3} = {6BE6DCEE-3E45-4D13-BEC9-D7B1BC0D34BE}
		{7060CCC5-A067-4BF6-846B-A89AEAB80811} = {6BDC67D4-7209-4CD8-BDB6-278FC8BF2B1C}
		{26FA094C-849D-4172-93F8-2BCA38749B2A} = {6BDC67D4-7209-4CD8-BDB6-278FC8BF2B1C}
		{660C66EF-6ADC-4F74-BAC3-C05E12F5008F} = {D418EE4D-24DA-4B1A-8B6F-2CC32278AF1A}
		{FF32F8B8-0BBD-48AE-AC10-E23D989CE562} = {6BE6DCEE-3E45-4D13-BEC9-D7B1BC0D34BE}
		{1BBAC3A3-B5EB-49EB-8200-574A99C5B060} = {93F8C0F3-1F1D-40AA-80E3-EE1857E6426B}
		{D5662387-A5AA-46A5-BCC2-EF728C777EDF} = {93F8C0F3-1F1D-40AA-80E3-EE1857E6426B}
		{A4BBDAC0-8FA4-49E0-93A8-B225F6A34CF4} = {93F8C0F3-1F1D-40AA-80E3-EE1857E6426B}
		{2AF5E54A-613C-4A7A-896C-9F946593C8F5} = {D418EE4D-24DA-4B1A-8B6F-2CC32278AF1A}
		{177298B7-8C8B-4817-9649-0CD174C4F663} = {2D4C735D-BE54-4356-B067-137EDD3471C3}
		{FCF55233-BD04-425E-8ED9-0AD6FD9573A2} = {2D4C735D-BE54-4356-B067-137EDD3471C3}
		{6C685A2E-D14E-4113-90B4-8F050C177DB0} = {2D4C735D-BE54-4356-B067-137EDD3471C3}
		{08B5FF99-04D9-440F-A0D8-D2A22F6BE9AA} = {41DA505B-A32F-4850-A054-09B1E5743B0C}
		{8E9DE538-DED5-4B14-9405-501A2F6FC2C0} = {38671E94-5B6B-4572-BD61-F4D3F44DF5D9}
		{6409FF15-ABAE-41F4-AB64-B03FC1D19390} = {684FCDA3-B961-401C-B192-6CD6D471693E}
		{634E95F1-4F38-4BDB-AD16-8DFCD6C73AB5} = {6409FF15-ABAE-41F4-AB64-B03FC1D19390}
		{5C3E6AA6-F8D2-4940-BE65-3FC76DB96B59} = {8E9DE538-DED5-4B14-9405-501A2F6FC2C0}
		{0E555D9B-B7CA-4E98-8C23-96E5282042C5} = {80B65053-B40D-49BF-8881-F4CF52F0DE15}
		{FD68D9F6-79A8-4BFE-89CB-6F2316849C01} = {0DD79E73-9DDE-475A-A7AC-DDE941D14543}
		{AA6F45AB-8410-4A2B-9447-E8F95297E9CF} = {80B65053-B40D-49BF-8881-F4CF52F0DE15}
		{9D4621CF-0614-461A-8291-FF77A62D5632} = {80B65053-B40D-49BF-8881-F4CF52F0DE15}
		{8E873901-A6D6-4E5E-8810-D6D6FC421F7A} = {684FCDA3-B961-401C-B192-6CD6D471693E}
		{3C78B795-D0B7-4F7C-945D-194C9F132221} = {8E873901-A6D6-4E5E-8810-D6D6FC421F7A}
		{90C601B6-0466-447D-8D90-FEED6CEDAE20} = {0DD79E73-9DDE-475A-A7AC-DDE941D14543}
		{EE930578-DCD1-4D46-9EB8-EA1E79F78CF5} = {0DD79E73-9DDE-475A-A7AC-DDE941D14543}
		{317EA6F0-1642-4687-B759-51D0DE68B9ED} = {0DD79E73-9DDE-475A-A7AC-DDE941D14543}
		{196F5AC2-61B9-4DE7-9556-E103C971678C} = {0DD79E73-9DDE-475A-A7AC-DDE941D14543}
		{A0078687-F36C-4241-9268-B3C410463654} = {D0979436-AB19-40FC-AE69-F86B06F934FA}
	EndGlobalSection
	GlobalSection(ExtensibilityGlobals) = postSolution
		SolutionGuid = {51A094DF-D4A4-421B-B008-3EE537101966}
	EndGlobalSection
EndGlobal
