
Microsoft Visual Studio Solution File, Format Version 12.00
# Visual Studio 2013
VisualStudioVersion = 12.0.30501.0
MinimumVisualStudioVersion = 10.0.40219.1
Project("{2150E333-8FDC-42A3-9474-1A3956D46DE8}") = "ReferencedComponents", "ReferencedComponents", "{0DD79E73-9DDE-475A-A7AC-DDE941D14543}"
EndProject
Project("{FAE04EC0-301F-11D3-BF4B-00C04F79EFBC}") = "BolaoNet.Entities", "BolaoNet.Entities\BolaoNet.Entities.csproj", "{544D4741-4ADE-49B0-BD91-A6C26FC0087E}"
EndProject
Project("{FAE04EC0-301F-11D3-BF4B-00C04F79EFBC}") = "BolaoNet.Dao", "BolaoNet.Dao\BolaoNet.Dao.csproj", "{D451000E-0BF8-44CA-88C7-EA59941CE625}"
EndProject
Project("{FAE04EC0-301F-11D3-BF4B-00C04F79EFBC}") = "BolaoNet.Business", "BolaoNet.Business\BolaoNet.Business.csproj", "{DE4229ED-648B-4CA0-9631-DB7013D419CA}"
EndProject
Project("{FAE04EC0-301F-11D3-BF4B-00C04F79EFBC}") = "BolaoNet.Integration", "BolaoNet.Integration\BolaoNet.Integration.csproj", "{E15411D7-17C7-402E-93DD-24EDDCBC73D7}"
EndProject
Project("{2150E333-8FDC-42A3-9474-1A3956D46DE8}") = "Tests", "Tests", "{A6727F00-8781-4D3A-B032-55048A6379CD}"
EndProject
Project("{FAE04EC0-301F-11D3-BF4B-00C04F79EFBC}") = "BolaoNet.Tests.Debug", "BolaoNet.Tests.Debug\BolaoNet.Tests.Debug.csproj", "{1348DFBA-82E2-4898-98D6-8FD7F89C43E5}"
EndProject
Project("{FAE04EC0-301F-11D3-BF4B-00C04F79EFBC}") = "BolaoNet.TestsVS", "BolaoNet.TestsVS\BolaoNet.TestsVS.csproj", "{E7C33D6C-BE25-48B8-8AF4-B77A98E4A283}"
EndProject
Project("{2150E333-8FDC-42A3-9474-1A3956D46DE8}") = "BusinessObjects", "BusinessObjects", "{59FF4F5A-4439-41F9-B468-4FF5C70F0D94}"
EndProject
Project("{FAE04EC0-301F-11D3-BF4B-00C04F79EFBC}") = "BolaoNet.Dao.EF", "BolaoNet.Dao.EF\BolaoNet.Dao.EF.csproj", "{4CBDD9AD-59EE-4905-B9DE-2E040F743FE8}"
EndProject
Project("{2150E333-8FDC-42A3-9474-1A3956D46DE8}") = "Items", "Items", "{1F06EDDF-468B-42E2-A2F2-1EEE9D336302}"
EndProject
Project("{2150E333-8FDC-42A3-9474-1A3956D46DE8}") = "Portal", "Portal", "{8AAFE6AA-8135-40E6-8B08-9C9601999572}"
EndProject
Project("{FAE04EC0-301F-11D3-BF4B-00C04F79EFBC}") = "BolaoNet.Portal", "BolaoNet.Portal\BolaoNet.Portal.csproj", "{C4B74485-3872-4BF9-AE0E-C62E91A8F983}"
EndProject
Project("{FAE04EC0-301F-11D3-BF4B-00C04F79EFBC}") = "BolaoNet.Services", "BolaoNet.Services\BolaoNet.Services.csproj", "{C17B60F1-A5F0-4EBF-B814-F479E8EF9D72}"
EndProject
Project("{2150E333-8FDC-42A3-9474-1A3956D46DE8}") = "log4net", "log4net", "{42012273-689F-460B-93B4-35918CA52350}"
	ProjectSection(SolutionItems) = preProject
		ReferencedComponents\log4net\log4net.dll = ReferencedComponents\log4net\log4net.dll
	EndProjectSection
EndProject
Project("{2150E333-8FDC-42A3-9474-1A3956D46DE8}") = "nunit", "nunit", "{20D33228-8908-4778-A52D-31E829592E55}"
	ProjectSection(SolutionItems) = preProject
		ReferencedComponents\nunit\mock-assembly.exe = ReferencedComponents\nunit\mock-assembly.exe
		ReferencedComponents\nunit\nunit.framework.dll = ReferencedComponents\nunit\nunit.framework.dll
		ReferencedComponents\nunit\nunit.framework.tests.dll = ReferencedComponents\nunit\nunit.framework.tests.dll
		ReferencedComponents\nunit\nunit.framework.xml = ReferencedComponents\nunit\nunit.framework.xml
		ReferencedComponents\nunit\nunit.testdata.dll = ReferencedComponents\nunit\nunit.testdata.dll
		ReferencedComponents\nunit\nunitlite-runner.exe = ReferencedComponents\nunit\nunitlite-runner.exe
		ReferencedComponents\nunit\nunitlite.dll = ReferencedComponents\nunit\nunitlite.dll
		ReferencedComponents\nunit\nunitlite.tests.exe = ReferencedComponents\nunit\nunitlite.tests.exe
		ReferencedComponents\nunit\slow-nunit-tests.dll = ReferencedComponents\nunit\slow-nunit-tests.dll
	EndProjectSection
EndProject
Project("{2150E333-8FDC-42A3-9474-1A3956D46DE8}") = "EntityFramework", "EntityFramework", "{2574F601-971A-4E3F-8FF7-1E7B7B042F43}"
	ProjectSection(SolutionItems) = preProject
		ReferencedComponents\EntityFramework\EntityFramework.dll = ReferencedComponents\EntityFramework\EntityFramework.dll
		ReferencedComponents\EntityFramework\EntityFramework.SqlServer.dll = ReferencedComponents\EntityFramework\EntityFramework.SqlServer.dll
	EndProjectSection
EndProject
Project("{2150E333-8FDC-42A3-9474-1A3956D46DE8}") = "Json", "Json", "{7FD690E3-939A-46BF-ABA7-CDCD1B873523}"
	ProjectSection(SolutionItems) = preProject
		ReferencedComponents\Json\Newtonsoft.Json.dll = ReferencedComponents\Json\Newtonsoft.Json.dll
		ReferencedComponents\Json\System.Net.Http.Formatting.dll = ReferencedComponents\Json\System.Net.Http.Formatting.dll
	EndProjectSection
EndProject
Project("{2150E333-8FDC-42A3-9474-1A3956D46DE8}") = "Reports", "Reports", "{52A2FC5F-A0CC-4596-99D3-E8D31AD5EA2A}"
EndProject
Project("{FAE04EC0-301F-11D3-BF4B-00C04F79EFBC}") = "BolaoNet.Reports", "BolaoNet.Reports\BolaoNet.Reports.csproj", "{2977E641-629A-4640-9E94-502BA267987B}"
EndProject
Project("{FAE04EC0-301F-11D3-BF4B-00C04F79EFBC}") = "BolaoNet.Portal.ViewModel", "BolaoNet.Portal.ViewModel\BolaoNet.Portal.ViewModel.csproj", "{124F2F6F-7DDA-4677-B5C3-FC5CEE903C74}"
EndProject
Project("{FAE04EC0-301F-11D3-BF4B-00C04F79EFBC}") = "BolaoNet.LogManager", "BolaoNet.LogManager\BolaoNet.LogManager.csproj", "{A72EFE92-42A8-44CB-B411-BAE3D821B3F4}"
EndProject
Global
	GlobalSection(SolutionConfigurationPlatforms) = preSolution
		Debug|Any CPU = Debug|Any CPU
		Release|Any CPU = Release|Any CPU
	EndGlobalSection
	GlobalSection(ProjectConfigurationPlatforms) = postSolution
		{544D4741-4ADE-49B0-BD91-A6C26FC0087E}.Debug|Any CPU.ActiveCfg = Debug|Any CPU
		{544D4741-4ADE-49B0-BD91-A6C26FC0087E}.Debug|Any CPU.Build.0 = Debug|Any CPU
		{544D4741-4ADE-49B0-BD91-A6C26FC0087E}.Release|Any CPU.ActiveCfg = Release|Any CPU
		{544D4741-4ADE-49B0-BD91-A6C26FC0087E}.Release|Any CPU.Build.0 = Release|Any CPU
		{D451000E-0BF8-44CA-88C7-EA59941CE625}.Debug|Any CPU.ActiveCfg = Debug|Any CPU
		{D451000E-0BF8-44CA-88C7-EA59941CE625}.Debug|Any CPU.Build.0 = Debug|Any CPU
		{D451000E-0BF8-44CA-88C7-EA59941CE625}.Release|Any CPU.ActiveCfg = Release|Any CPU
		{D451000E-0BF8-44CA-88C7-EA59941CE625}.Release|Any CPU.Build.0 = Release|Any CPU
		{DE4229ED-648B-4CA0-9631-DB7013D419CA}.Debug|Any CPU.ActiveCfg = Debug|Any CPU
		{DE4229ED-648B-4CA0-9631-DB7013D419CA}.Debug|Any CPU.Build.0 = Debug|Any CPU
		{DE4229ED-648B-4CA0-9631-DB7013D419CA}.Release|Any CPU.ActiveCfg = Release|Any CPU
		{DE4229ED-648B-4CA0-9631-DB7013D419CA}.Release|Any CPU.Build.0 = Release|Any CPU
		{E15411D7-17C7-402E-93DD-24EDDCBC73D7}.Debug|Any CPU.ActiveCfg = Debug|Any CPU
		{E15411D7-17C7-402E-93DD-24EDDCBC73D7}.Debug|Any CPU.Build.0 = Debug|Any CPU
		{E15411D7-17C7-402E-93DD-24EDDCBC73D7}.Release|Any CPU.ActiveCfg = Release|Any CPU
		{E15411D7-17C7-402E-93DD-24EDDCBC73D7}.Release|Any CPU.Build.0 = Release|Any CPU
		{1348DFBA-82E2-4898-98D6-8FD7F89C43E5}.Debug|Any CPU.ActiveCfg = Debug|Any CPU
		{1348DFBA-82E2-4898-98D6-8FD7F89C43E5}.Debug|Any CPU.Build.0 = Debug|Any CPU
		{1348DFBA-82E2-4898-98D6-8FD7F89C43E5}.Release|Any CPU.ActiveCfg = Release|Any CPU
		{1348DFBA-82E2-4898-98D6-8FD7F89C43E5}.Release|Any CPU.Build.0 = Release|Any CPU
		{E7C33D6C-BE25-48B8-8AF4-B77A98E4A283}.Debug|Any CPU.ActiveCfg = Debug|Any CPU
		{E7C33D6C-BE25-48B8-8AF4-B77A98E4A283}.Debug|Any CPU.Build.0 = Debug|Any CPU
		{E7C33D6C-BE25-48B8-8AF4-B77A98E4A283}.Release|Any CPU.ActiveCfg = Release|Any CPU
		{E7C33D6C-BE25-48B8-8AF4-B77A98E4A283}.Release|Any CPU.Build.0 = Release|Any CPU
		{4CBDD9AD-59EE-4905-B9DE-2E040F743FE8}.Debug|Any CPU.ActiveCfg = Debug|Any CPU
		{4CBDD9AD-59EE-4905-B9DE-2E040F743FE8}.Debug|Any CPU.Build.0 = Debug|Any CPU
		{4CBDD9AD-59EE-4905-B9DE-2E040F743FE8}.Release|Any CPU.ActiveCfg = Release|Any CPU
		{4CBDD9AD-59EE-4905-B9DE-2E040F743FE8}.Release|Any CPU.Build.0 = Release|Any CPU
		{C4B74485-3872-4BF9-AE0E-C62E91A8F983}.Debug|Any CPU.ActiveCfg = Debug|Any CPU
		{C4B74485-3872-4BF9-AE0E-C62E91A8F983}.Debug|Any CPU.Build.0 = Debug|Any CPU
		{C4B74485-3872-4BF9-AE0E-C62E91A8F983}.Release|Any CPU.ActiveCfg = Release|Any CPU
		{C4B74485-3872-4BF9-AE0E-C62E91A8F983}.Release|Any CPU.Build.0 = Release|Any CPU
		{C17B60F1-A5F0-4EBF-B814-F479E8EF9D72}.Debug|Any CPU.ActiveCfg = Debug|Any CPU
		{C17B60F1-A5F0-4EBF-B814-F479E8EF9D72}.Debug|Any CPU.Build.0 = Debug|Any CPU
		{C17B60F1-A5F0-4EBF-B814-F479E8EF9D72}.Release|Any CPU.ActiveCfg = Release|Any CPU
		{C17B60F1-A5F0-4EBF-B814-F479E8EF9D72}.Release|Any CPU.Build.0 = Release|Any CPU
		{2977E641-629A-4640-9E94-502BA267987B}.Debug|Any CPU.ActiveCfg = Debug|Any CPU
		{2977E641-629A-4640-9E94-502BA267987B}.Debug|Any CPU.Build.0 = Debug|Any CPU
		{2977E641-629A-4640-9E94-502BA267987B}.Release|Any CPU.ActiveCfg = Release|Any CPU
		{2977E641-629A-4640-9E94-502BA267987B}.Release|Any CPU.Build.0 = Release|Any CPU
		{124F2F6F-7DDA-4677-B5C3-FC5CEE903C74}.Debug|Any CPU.ActiveCfg = Debug|Any CPU
		{124F2F6F-7DDA-4677-B5C3-FC5CEE903C74}.Debug|Any CPU.Build.0 = Debug|Any CPU
		{124F2F6F-7DDA-4677-B5C3-FC5CEE903C74}.Release|Any CPU.ActiveCfg = Release|Any CPU
		{124F2F6F-7DDA-4677-B5C3-FC5CEE903C74}.Release|Any CPU.Build.0 = Release|Any CPU
		{A72EFE92-42A8-44CB-B411-BAE3D821B3F4}.Debug|Any CPU.ActiveCfg = Debug|Any CPU
		{A72EFE92-42A8-44CB-B411-BAE3D821B3F4}.Debug|Any CPU.Build.0 = Debug|Any CPU
		{A72EFE92-42A8-44CB-B411-BAE3D821B3F4}.Release|Any CPU.ActiveCfg = Release|Any CPU
		{A72EFE92-42A8-44CB-B411-BAE3D821B3F4}.Release|Any CPU.Build.0 = Release|Any CPU
	EndGlobalSection
	GlobalSection(SolutionProperties) = preSolution
		HideSolutionNode = FALSE
	EndGlobalSection
	GlobalSection(NestedProjects) = preSolution
		{0DD79E73-9DDE-475A-A7AC-DDE941D14543} = {1F06EDDF-468B-42E2-A2F2-1EEE9D336302}
		{544D4741-4ADE-49B0-BD91-A6C26FC0087E} = {59FF4F5A-4439-41F9-B468-4FF5C70F0D94}
		{D451000E-0BF8-44CA-88C7-EA59941CE625} = {59FF4F5A-4439-41F9-B468-4FF5C70F0D94}
		{DE4229ED-648B-4CA0-9631-DB7013D419CA} = {59FF4F5A-4439-41F9-B468-4FF5C70F0D94}
		{E15411D7-17C7-402E-93DD-24EDDCBC73D7} = {59FF4F5A-4439-41F9-B468-4FF5C70F0D94}
		{1348DFBA-82E2-4898-98D6-8FD7F89C43E5} = {A6727F00-8781-4D3A-B032-55048A6379CD}
		{E7C33D6C-BE25-48B8-8AF4-B77A98E4A283} = {A6727F00-8781-4D3A-B032-55048A6379CD}
		{4CBDD9AD-59EE-4905-B9DE-2E040F743FE8} = {59FF4F5A-4439-41F9-B468-4FF5C70F0D94}
		{8AAFE6AA-8135-40E6-8B08-9C9601999572} = {59FF4F5A-4439-41F9-B468-4FF5C70F0D94}
		{C4B74485-3872-4BF9-AE0E-C62E91A8F983} = {8AAFE6AA-8135-40E6-8B08-9C9601999572}
		{C17B60F1-A5F0-4EBF-B814-F479E8EF9D72} = {8AAFE6AA-8135-40E6-8B08-9C9601999572}
		{42012273-689F-460B-93B4-35918CA52350} = {0DD79E73-9DDE-475A-A7AC-DDE941D14543}
		{20D33228-8908-4778-A52D-31E829592E55} = {0DD79E73-9DDE-475A-A7AC-DDE941D14543}
		{2574F601-971A-4E3F-8FF7-1E7B7B042F43} = {0DD79E73-9DDE-475A-A7AC-DDE941D14543}
		{7FD690E3-939A-46BF-ABA7-CDCD1B873523} = {0DD79E73-9DDE-475A-A7AC-DDE941D14543}
		{2977E641-629A-4640-9E94-502BA267987B} = {52A2FC5F-A0CC-4596-99D3-E8D31AD5EA2A}
		{124F2F6F-7DDA-4677-B5C3-FC5CEE903C74} = {8AAFE6AA-8135-40E6-8B08-9C9601999572}
		{A72EFE92-42A8-44CB-B411-BAE3D821B3F4} = {59FF4F5A-4439-41F9-B468-4FF5C70F0D94}
	EndGlobalSection
EndGlobal
