
Microsoft Visual Studio Solution File, Format Version 12.00
# Visual Studio 2013
VisualStudioVersion = 12.0.30723.0
MinimumVisualStudioVersion = 10.0.40219.1
Project("{2150E333-8FDC-42A3-9474-1A3956D46DE8}") = "ReferencedComponents", "ReferencedComponents", "{0DD79E73-9DDE-475A-A7AC-DDE941D14543}"
EndProject
Project("{FAE04EC0-301F-11D3-BF4B-00C04F79EFBC}") = "BolaoNet.Entities", "BolaoNet.Entities\BolaoNet.Entities.csproj", "{544D4741-4ADE-49B0-BD91-A6C26FC0087E}"
EndProject
Project("{FAE04EC0-301F-11D3-BF4B-00C04F79EFBC}") = "BolaoNet.Dao", "BolaoNet.Dao\BolaoNet.Dao.csproj", "{D451000E-0BF8-44CA-88C7-EA59941CE625}"
EndProject
Project("{FAE04EC0-301F-11D3-BF4B-00C04F79EFBC}") = "BolaoNet.Business", "BolaoNet.Business\BolaoNet.Business.csproj", "{DE4229ED-648B-4CA0-9631-DB7013D419CA}"
EndProject
Project("{FAE04EC0-301F-11D3-BF4B-00C04F79EFBC}") = "BolaoNet.Integration", "BolaoNet.Integration\BolaoNet.Integration.csproj", "{E15411D7-17C7-402E-93DD-24EDDCBC73D7}"
EndProject
Project("{2150E333-8FDC-42A3-9474-1A3956D46DE8}") = "Util", "Util", "{45DB2E66-49CE-4BF3-9E5B-0A4ACC27C003}"
EndProject
Project("{FAE04EC0-301F-11D3-BF4B-00C04F79EFBC}") = "BolaoNet.LogManager", "BolaoNet.LogManager\BolaoNet.LogManager.csproj", "{A72EFE92-42A8-44CB-B411-BAE3D821B3F4}"
EndProject
Project("{FAE04EC0-301F-11D3-BF4B-00C04F79EFBC}") = "BolaoNet.Resources", "BolaoNet.Resources\BolaoNet.Resources.csproj", "{97D09F0A-D65D-42EA-AA49-EA15E74B10C2}"
EndProject
Project("{2150E333-8FDC-42A3-9474-1A3956D46DE8}") = "Tests", "Tests", "{A6727F00-8781-4D3A-B032-55048A6379CD}"
EndProject
Project("{FAE04EC0-301F-11D3-BF4B-00C04F79EFBC}") = "BolaoNet.Tests.Debug", "BolaoNet.Tests.Debug\BolaoNet.Tests.Debug.csproj", "{1348DFBA-82E2-4898-98D6-8FD7F89C43E5}"
EndProject
Project("{FAE04EC0-301F-11D3-BF4B-00C04F79EFBC}") = "BolaoNet.TestsVS", "BolaoNet.TestsVS\BolaoNet.TestsVS.csproj", "{E7C33D6C-BE25-48B8-8AF4-B77A98E4A283}"
EndProject
Project("{2150E333-8FDC-42A3-9474-1A3956D46DE8}") = "Build", "Build", "{9099C1CD-73E4-4939-BC9A-E65CE7AEC51C}"
EndProject
Project("{2150E333-8FDC-42A3-9474-1A3956D46DE8}") = "BusinessObjects", "BusinessObjects", "{59FF4F5A-4439-41F9-B468-4FF5C70F0D94}"
EndProject
Project("{2150E333-8FDC-42A3-9474-1A3956D46DE8}") = "DAO", "DAO", "{DF8966BB-DA53-4683-86EA-FE1763D5E9DD}"
EndProject
Project("{FAE04EC0-301F-11D3-BF4B-00C04F79EFBC}") = "BolaoNet.Dao.EF", "BolaoNet.Dao.EF\BolaoNet.Dao.EF.csproj", "{4CBDD9AD-59EE-4905-B9DE-2E040F743FE8}"
EndProject
Project("{FAE04EC0-301F-11D3-BF4B-00C04F79EFBC}") = "BolaoNet.Dao.Collection", "BolaoNet.Dao.Collection\BolaoNet.Dao.Collection.csproj", "{170A0F00-0F81-42A0-BFB6-36E9C81BD2B2}"
EndProject
Project("{2150E333-8FDC-42A3-9474-1A3956D46DE8}") = "Database", "Database", "{278BD254-22F2-4DA5-A514-D0B001F292B1}"
EndProject
Project("{2150E333-8FDC-42A3-9474-1A3956D46DE8}") = "Info", "Info", "{41DA505B-A32F-4850-A054-09B1E5743B0C}"
EndProject
Project("{2150E333-8FDC-42A3-9474-1A3956D46DE8}") = "Documentation", "Documentation", "{147A8942-28E9-4295-950A-D395E5954E19}"
EndProject
Project("{2150E333-8FDC-42A3-9474-1A3956D46DE8}") = "Documents", "Documents", "{125F94D8-A08E-492E-A15B-DC9B7575E7F7}"
EndProject
Project("{2150E333-8FDC-42A3-9474-1A3956D46DE8}") = "FxCop", "FxCop", "{8503790C-B344-48FC-A93B-5E4B140F4A65}"
EndProject
Project("{2150E333-8FDC-42A3-9474-1A3956D46DE8}") = "Install", "Install", "{F9C31220-5060-4056-BEAD-FCAEE96C740D}"
EndProject
Project("{2150E333-8FDC-42A3-9474-1A3956D46DE8}") = "Sandcastle", "Sandcastle", "{9A0DDD42-C9F9-40A9-B6EF-B1E71D4000EC}"
EndProject
Project("{2150E333-8FDC-42A3-9474-1A3956D46DE8}") = "SolutionItems", "SolutionItems", "{E89DEFD2-967E-4057-A4E7-87FE61107E4C}"
EndProject
Project("{2150E333-8FDC-42A3-9474-1A3956D46DE8}") = "SourceMonitor", "SourceMonitor", "{A4FE4163-FF00-47EF-8E57-7176D83110C3}"
EndProject
Project("{2150E333-8FDC-42A3-9474-1A3956D46DE8}") = "UserGuide", "UserGuide", "{FC95C8EB-1E1A-466F-9CBF-9D0155074619}"
EndProject
Project("{2150E333-8FDC-42A3-9474-1A3956D46DE8}") = "Items", "Items", "{1F06EDDF-468B-42E2-A2F2-1EEE9D336302}"
EndProject
Project("{2150E333-8FDC-42A3-9474-1A3956D46DE8}") = "Portal", "Portal", "{8AAFE6AA-8135-40E6-8B08-9C9601999572}"
EndProject
Project("{FAE04EC0-301F-11D3-BF4B-00C04F79EFBC}") = "BolaoNet.Portal", "BolaoNet.Portal\BolaoNet.Portal.csproj", "{C4B74485-3872-4BF9-AE0E-C62E91A8F983}"
EndProject
Project("{FAE04EC0-301F-11D3-BF4B-00C04F79EFBC}") = "BolaoNet.Services", "BolaoNet.Services\BolaoNet.Services.csproj", "{C17B60F1-A5F0-4EBF-B814-F479E8EF9D72}"
EndProject
Project("{00D1A9C2-B5F0-4AF3-8072-F6C62B433612}") = "BolaoNet.Database.SqlServer", "BolaoNet.Database.SqlServer\BolaoNet.Database.SqlServer.sqlproj", "{94A61BF9-A917-4337-A3FB-0C655CDBB560}"
EndProject
Project("{2150E333-8FDC-42A3-9474-1A3956D46DE8}") = "log4net", "log4net", "{42012273-689F-460B-93B4-35918CA52350}"
	ProjectSection(SolutionItems) = preProject
		ReferencedComponents\log4net\log4net.dll = ReferencedComponents\log4net\log4net.dll
	EndProjectSection
EndProject
Project("{2150E333-8FDC-42A3-9474-1A3956D46DE8}") = "nunit", "nunit", "{20D33228-8908-4778-A52D-31E829592E55}"
	ProjectSection(SolutionItems) = preProject
		ReferencedComponents\nunit\mock-assembly.exe = ReferencedComponents\nunit\mock-assembly.exe
		ReferencedComponents\nunit\nunit.framework.dll = ReferencedComponents\nunit\nunit.framework.dll
		ReferencedComponents\nunit\nunit.framework.tests.dll = ReferencedComponents\nunit\nunit.framework.tests.dll
		ReferencedComponents\nunit\nunit.framework.xml = ReferencedComponents\nunit\nunit.framework.xml
		ReferencedComponents\nunit\nunit.testdata.dll = ReferencedComponents\nunit\nunit.testdata.dll
		ReferencedComponents\nunit\nunitlite-runner.exe = ReferencedComponents\nunit\nunitlite-runner.exe
		ReferencedComponents\nunit\nunitlite.dll = ReferencedComponents\nunit\nunitlite.dll
		ReferencedComponents\nunit\nunitlite.tests.exe = ReferencedComponents\nunit\nunitlite.tests.exe
		ReferencedComponents\nunit\slow-nunit-tests.dll = ReferencedComponents\nunit\slow-nunit-tests.dll
	EndProjectSection
EndProject
Project("{2150E333-8FDC-42A3-9474-1A3956D46DE8}") = "EntityFramework", "EntityFramework", "{2574F601-971A-4E3F-8FF7-1E7B7B042F43}"
	ProjectSection(SolutionItems) = preProject
		ReferencedComponents\EntityFramework\EntityFramework.dll = ReferencedComponents\EntityFramework\EntityFramework.dll
		ReferencedComponents\EntityFramework\EntityFramework.SqlServer.dll = ReferencedComponents\EntityFramework\EntityFramework.SqlServer.dll
	EndProjectSection
EndProject
Project("{2150E333-8FDC-42A3-9474-1A3956D46DE8}") = "Json", "Json", "{7FD690E3-939A-46BF-ABA7-CDCD1B873523}"
	ProjectSection(SolutionItems) = preProject
		ReferencedComponents\Json\Newtonsoft.Json.dll = ReferencedComponents\Json\Newtonsoft.Json.dll
		ReferencedComponents\Json\System.Net.Http.Formatting.dll = ReferencedComponents\Json\System.Net.Http.Formatting.dll
	EndProjectSection
EndProject
Project("{FAE04EC0-301F-11D3-BF4B-00C04F79EFBC}") = "BolaoNet.ReverseDatabase", "BolaoNet.ReverseDatabase\BolaoNet.ReverseDatabase.csproj", "{5AC619EE-AE22-42DC-893B-A648B63D8D3D}"
EndProject
Project("{2150E333-8FDC-42A3-9474-1A3956D46DE8}") = "Reports", "Reports", "{52A2FC5F-A0CC-4596-99D3-E8D31AD5EA2A}"
EndProject
Project("{FAE04EC0-301F-11D3-BF4B-00C04F79EFBC}") = "BolaoNet.Reports", "BolaoNet.Reports\BolaoNet.Reports.csproj", "{2977E641-629A-4640-9E94-502BA267987B}"
EndProject
Project("{2150E333-8FDC-42A3-9474-1A3956D46DE8}") = "Queries", "Queries", "{9FC10BCB-A350-4CF1-9DC9-851EAADB13D5}"
EndProject
Project("{2150E333-8FDC-42A3-9474-1A3956D46DE8}") = "Layout", "Layout", "{07703A85-D5FF-4A29-B417-EF463B9A7250}"
	ProjectSection(SolutionItems) = preProject
		Info\Layout\1-dashboard.png = Info\Layout\1-dashboard.png
		Info\Layout\2-match.png = Info\Layout\2-match.png
		Info\Layout\3-guesses.png = Info\Layout\3-guesses.png
		Info\Layout\4-profile.png = Info\Layout\4-profile.png
		Info\Layout\5-responsive.jpg = Info\Layout\5-responsive.jpg
		Info\Layout\5-responsive_2.jpg = Info\Layout\5-responsive_2.jpg
	EndProjectSection
EndProject
Global
	GlobalSection(SolutionConfigurationPlatforms) = preSolution
		Debug|Any CPU = Debug|Any CPU
		Release|Any CPU = Release|Any CPU
	EndGlobalSection
	GlobalSection(ProjectConfigurationPlatforms) = postSolution
		{544D4741-4ADE-49B0-BD91-A6C26FC0087E}.Debug|Any CPU.ActiveCfg = Debug|Any CPU
		{544D4741-4ADE-49B0-BD91-A6C26FC0087E}.Debug|Any CPU.Build.0 = Debug|Any CPU
		{544D4741-4ADE-49B0-BD91-A6C26FC0087E}.Release|Any CPU.ActiveCfg = Release|Any CPU
		{544D4741-4ADE-49B0-BD91-A6C26FC0087E}.Release|Any CPU.Build.0 = Release|Any CPU
		{D451000E-0BF8-44CA-88C7-EA59941CE625}.Debug|Any CPU.ActiveCfg = Debug|Any CPU
		{D451000E-0BF8-44CA-88C7-EA59941CE625}.Debug|Any CPU.Build.0 = Debug|Any CPU
		{D451000E-0BF8-44CA-88C7-EA59941CE625}.Release|Any CPU.ActiveCfg = Release|Any CPU
		{D451000E-0BF8-44CA-88C7-EA59941CE625}.Release|Any CPU.Build.0 = Release|Any CPU
		{DE4229ED-648B-4CA0-9631-DB7013D419CA}.Debug|Any CPU.ActiveCfg = Debug|Any CPU
		{DE4229ED-648B-4CA0-9631-DB7013D419CA}.Debug|Any CPU.Build.0 = Debug|Any CPU
		{DE4229ED-648B-4CA0-9631-DB7013D419CA}.Release|Any CPU.ActiveCfg = Release|Any CPU
		{DE4229ED-648B-4CA0-9631-DB7013D419CA}.Release|Any CPU.Build.0 = Release|Any CPU
		{E15411D7-17C7-402E-93DD-24EDDCBC73D7}.Debug|Any CPU.ActiveCfg = Debug|Any CPU
		{E15411D7-17C7-402E-93DD-24EDDCBC73D7}.Debug|Any CPU.Build.0 = Debug|Any CPU
		{E15411D7-17C7-402E-93DD-24EDDCBC73D7}.Release|Any CPU.ActiveCfg = Release|Any CPU
		{E15411D7-17C7-402E-93DD-24EDDCBC73D7}.Release|Any CPU.Build.0 = Release|Any CPU
		{A72EFE92-42A8-44CB-B411-BAE3D821B3F4}.Debug|Any CPU.ActiveCfg = Debug|Any CPU
		{A72EFE92-42A8-44CB-B411-BAE3D821B3F4}.Debug|Any CPU.Build.0 = Debug|Any CPU
		{A72EFE92-42A8-44CB-B411-BAE3D821B3F4}.Release|Any CPU.ActiveCfg = Release|Any CPU
		{A72EFE92-42A8-44CB-B411-BAE3D821B3F4}.Release|Any CPU.Build.0 = Release|Any CPU
		{97D09F0A-D65D-42EA-AA49-EA15E74B10C2}.Debug|Any CPU.ActiveCfg = Debug|Any CPU
		{97D09F0A-D65D-42EA-AA49-EA15E74B10C2}.Debug|Any CPU.Build.0 = Debug|Any CPU
		{97D09F0A-D65D-42EA-AA49-EA15E74B10C2}.Release|Any CPU.ActiveCfg = Release|Any CPU
		{97D09F0A-D65D-42EA-AA49-EA15E74B10C2}.Release|Any CPU.Build.0 = Release|Any CPU
		{1348DFBA-82E2-4898-98D6-8FD7F89C43E5}.Debug|Any CPU.ActiveCfg = Debug|Any CPU
		{1348DFBA-82E2-4898-98D6-8FD7F89C43E5}.Debug|Any CPU.Build.0 = Debug|Any CPU
		{1348DFBA-82E2-4898-98D6-8FD7F89C43E5}.Release|Any CPU.ActiveCfg = Release|Any CPU
		{1348DFBA-82E2-4898-98D6-8FD7F89C43E5}.Release|Any CPU.Build.0 = Release|Any CPU
		{E7C33D6C-BE25-48B8-8AF4-B77A98E4A283}.Debug|Any CPU.ActiveCfg = Debug|Any CPU
		{E7C33D6C-BE25-48B8-8AF4-B77A98E4A283}.Debug|Any CPU.Build.0 = Debug|Any CPU
		{E7C33D6C-BE25-48B8-8AF4-B77A98E4A283}.Release|Any CPU.ActiveCfg = Release|Any CPU
		{E7C33D6C-BE25-48B8-8AF4-B77A98E4A283}.Release|Any CPU.Build.0 = Release|Any CPU
		{4CBDD9AD-59EE-4905-B9DE-2E040F743FE8}.Debug|Any CPU.ActiveCfg = Debug|Any CPU
		{4CBDD9AD-59EE-4905-B9DE-2E040F743FE8}.Debug|Any CPU.Build.0 = Debug|Any CPU
		{4CBDD9AD-59EE-4905-B9DE-2E040F743FE8}.Release|Any CPU.ActiveCfg = Release|Any CPU
		{4CBDD9AD-59EE-4905-B9DE-2E040F743FE8}.Release|Any CPU.Build.0 = Release|Any CPU
		{170A0F00-0F81-42A0-BFB6-36E9C81BD2B2}.Debug|Any CPU.ActiveCfg = Debug|Any CPU
		{170A0F00-0F81-42A0-BFB6-36E9C81BD2B2}.Debug|Any CPU.Build.0 = Debug|Any CPU
		{170A0F00-0F81-42A0-BFB6-36E9C81BD2B2}.Release|Any CPU.ActiveCfg = Release|Any CPU
		{170A0F00-0F81-42A0-BFB6-36E9C81BD2B2}.Release|Any CPU.Build.0 = Release|Any CPU
		{C4B74485-3872-4BF9-AE0E-C62E91A8F983}.Debug|Any CPU.ActiveCfg = Debug|Any CPU
		{C4B74485-3872-4BF9-AE0E-C62E91A8F983}.Debug|Any CPU.Build.0 = Debug|Any CPU
		{C4B74485-3872-4BF9-AE0E-C62E91A8F983}.Release|Any CPU.ActiveCfg = Release|Any CPU
		{C4B74485-3872-4BF9-AE0E-C62E91A8F983}.Release|Any CPU.Build.0 = Release|Any CPU
		{C17B60F1-A5F0-4EBF-B814-F479E8EF9D72}.Debug|Any CPU.ActiveCfg = Debug|Any CPU
		{C17B60F1-A5F0-4EBF-B814-F479E8EF9D72}.Debug|Any CPU.Build.0 = Debug|Any CPU
		{C17B60F1-A5F0-4EBF-B814-F479E8EF9D72}.Release|Any CPU.ActiveCfg = Release|Any CPU
		{C17B60F1-A5F0-4EBF-B814-F479E8EF9D72}.Release|Any CPU.Build.0 = Release|Any CPU
		{94A61BF9-A917-4337-A3FB-0C655CDBB560}.Debug|Any CPU.ActiveCfg = Debug|Any CPU
		{94A61BF9-A917-4337-A3FB-0C655CDBB560}.Release|Any CPU.ActiveCfg = Release|Any CPU
		{94A61BF9-A917-4337-A3FB-0C655CDBB560}.Release|Any CPU.Build.0 = Release|Any CPU
		{94A61BF9-A917-4337-A3FB-0C655CDBB560}.Release|Any CPU.Deploy.0 = Release|Any CPU
		{5AC619EE-AE22-42DC-893B-A648B63D8D3D}.Debug|Any CPU.ActiveCfg = Debug|Any CPU
		{5AC619EE-AE22-42DC-893B-A648B63D8D3D}.Debug|Any CPU.Build.0 = Debug|Any CPU
		{5AC619EE-AE22-42DC-893B-A648B63D8D3D}.Release|Any CPU.ActiveCfg = Release|Any CPU
		{5AC619EE-AE22-42DC-893B-A648B63D8D3D}.Release|Any CPU.Build.0 = Release|Any CPU
		{2977E641-629A-4640-9E94-502BA267987B}.Debug|Any CPU.ActiveCfg = Debug|Any CPU
		{2977E641-629A-4640-9E94-502BA267987B}.Debug|Any CPU.Build.0 = Debug|Any CPU
		{2977E641-629A-4640-9E94-502BA267987B}.Release|Any CPU.ActiveCfg = Release|Any CPU
		{2977E641-629A-4640-9E94-502BA267987B}.Release|Any CPU.Build.0 = Release|Any CPU
	EndGlobalSection
	GlobalSection(SolutionProperties) = preSolution
		HideSolutionNode = FALSE
	EndGlobalSection
	GlobalSection(NestedProjects) = preSolution
		{0DD79E73-9DDE-475A-A7AC-DDE941D14543} = {1F06EDDF-468B-42E2-A2F2-1EEE9D336302}
		{544D4741-4ADE-49B0-BD91-A6C26FC0087E} = {59FF4F5A-4439-41F9-B468-4FF5C70F0D94}
		{D451000E-0BF8-44CA-88C7-EA59941CE625} = {59FF4F5A-4439-41F9-B468-4FF5C70F0D94}
		{DE4229ED-648B-4CA0-9631-DB7013D419CA} = {59FF4F5A-4439-41F9-B468-4FF5C70F0D94}
		{E15411D7-17C7-402E-93DD-24EDDCBC73D7} = {59FF4F5A-4439-41F9-B468-4FF5C70F0D94}
		{A72EFE92-42A8-44CB-B411-BAE3D821B3F4} = {45DB2E66-49CE-4BF3-9E5B-0A4ACC27C003}
		{97D09F0A-D65D-42EA-AA49-EA15E74B10C2} = {45DB2E66-49CE-4BF3-9E5B-0A4ACC27C003}
		{1348DFBA-82E2-4898-98D6-8FD7F89C43E5} = {A6727F00-8781-4D3A-B032-55048A6379CD}
		{E7C33D6C-BE25-48B8-8AF4-B77A98E4A283} = {A6727F00-8781-4D3A-B032-55048A6379CD}
		{DF8966BB-DA53-4683-86EA-FE1763D5E9DD} = {59FF4F5A-4439-41F9-B468-4FF5C70F0D94}
		{4CBDD9AD-59EE-4905-B9DE-2E040F743FE8} = {59FF4F5A-4439-41F9-B468-4FF5C70F0D94}
		{170A0F00-0F81-42A0-BFB6-36E9C81BD2B2} = {DF8966BB-DA53-4683-86EA-FE1763D5E9DD}
		{147A8942-28E9-4295-950A-D395E5954E19} = {41DA505B-A32F-4850-A054-09B1E5743B0C}
		{125F94D8-A08E-492E-A15B-DC9B7575E7F7} = {41DA505B-A32F-4850-A054-09B1E5743B0C}
		{8503790C-B344-48FC-A93B-5E4B140F4A65} = {41DA505B-A32F-4850-A054-09B1E5743B0C}
		{F9C31220-5060-4056-BEAD-FCAEE96C740D} = {41DA505B-A32F-4850-A054-09B1E5743B0C}
		{9A0DDD42-C9F9-40A9-B6EF-B1E71D4000EC} = {41DA505B-A32F-4850-A054-09B1E5743B0C}
		{E89DEFD2-967E-4057-A4E7-87FE61107E4C} = {41DA505B-A32F-4850-A054-09B1E5743B0C}
		{A4FE4163-FF00-47EF-8E57-7176D83110C3} = {41DA505B-A32F-4850-A054-09B1E5743B0C}
		{FC95C8EB-1E1A-466F-9CBF-9D0155074619} = {41DA505B-A32F-4850-A054-09B1E5743B0C}
		{C4B74485-3872-4BF9-AE0E-C62E91A8F983} = {8AAFE6AA-8135-40E6-8B08-9C9601999572}
		{C17B60F1-A5F0-4EBF-B814-F479E8EF9D72} = {8AAFE6AA-8135-40E6-8B08-9C9601999572}
		{94A61BF9-A917-4337-A3FB-0C655CDBB560} = {278BD254-22F2-4DA5-A514-D0B001F292B1}
		{42012273-689F-460B-93B4-35918CA52350} = {0DD79E73-9DDE-475A-A7AC-DDE941D14543}
		{20D33228-8908-4778-A52D-31E829592E55} = {0DD79E73-9DDE-475A-A7AC-DDE941D14543}
		{2574F601-971A-4E3F-8FF7-1E7B7B042F43} = {0DD79E73-9DDE-475A-A7AC-DDE941D14543}
		{7FD690E3-939A-46BF-ABA7-CDCD1B873523} = {0DD79E73-9DDE-475A-A7AC-DDE941D14543}
		{5AC619EE-AE22-42DC-893B-A648B63D8D3D} = {278BD254-22F2-4DA5-A514-D0B001F292B1}
		{2977E641-629A-4640-9E94-502BA267987B} = {52A2FC5F-A0CC-4596-99D3-E8D31AD5EA2A}
		{9FC10BCB-A350-4CF1-9DC9-851EAADB13D5} = {41DA505B-A32F-4850-A054-09B1E5743B0C}
		{07703A85-D5FF-4A29-B417-EF463B9A7250} = {41DA505B-A32F-4850-A054-09B1E5743B0C}
	EndGlobalSection
EndGlobal
